// !$*UTF8*$!
{
	archiveVersion = 1;
	classes = {
	};
	objectVersion = 55;
	objects = {

/* Begin PBXBuildFile section */
		AE72B91A27167D3B001FAAF7 /* AppDelegate.swift in Sources */ = {isa = PBXBuildFile; fileRef = AE72B91927167D3B001FAAF7 /* AppDelegate.swift */; };
		AE72B91C27167D3B001FAAF7 /* SceneDelegate.swift in Sources */ = {isa = PBXBuildFile; fileRef = AE72B91B27167D3B001FAAF7 /* SceneDelegate.swift */; };
		AE72B91E27167D3B001FAAF7 /* ViewController.swift in Sources */ = {isa = PBXBuildFile; fileRef = AE72B91D27167D3B001FAAF7 /* ViewController.swift */; };
		AE72B92127167D3B001FAAF7 /* Main.storyboard in Resources */ = {isa = PBXBuildFile; fileRef = AE72B91F27167D3B001FAAF7 /* Main.storyboard */; };
		AE72B92327167D3D001FAAF7 /* Assets.xcassets in Resources */ = {isa = PBXBuildFile; fileRef = AE72B92227167D3D001FAAF7 /* Assets.xcassets */; };
		AE72B92627167D3D001FAAF7 /* LaunchScreen.storyboard in Resources */ = {isa = PBXBuildFile; fileRef = AE72B92427167D3D001FAAF7 /* LaunchScreen.storyboard */; };
/* End PBXBuildFile section */

/* Begin PBXFileReference section */
		AE72B91627167D3B001FAAF7 /* 11 - day UIPickerViewde shiyong.app */ = {isa = PBXFileReference; explicitFileType = wrapper.application; includeInIndex = 0; path = "11 - day UIPickerViewde shiyong.app"; sourceTree = BUILT_PRODUCTS_DIR; };
		AE72B91927167D3B001FAAF7 /* AppDelegate.swift */ = {isa = PBXFileReference; lastKnownFileType = sourcecode.swift; path = AppDelegate.swift; sourceTree = "<group>"; };
		AE72B91B27167D3B001FAAF7 /* SceneDelegate.swift */ = {isa = PBXFileReference; lastKnownFileType = sourcecode.swift; path = SceneDelegate.swift; sourceTree = "<group>"; };
		AE72B91D27167D3B001FAAF7 /* ViewController.swift */ = {isa = PBXFileReference; lastKnownFileType = sourcecode.swift; path = ViewController.swift; sourceTree = "<group>"; };
		AE72B92027167D3B001FAAF7 /* Base */ = {isa = PBXFileReference; lastKnownFileType = file.storyboard; name = Base; path = Base.lproj/Main.storyboard; sourceTree = "<group>"; };
		AE72B92227167D3D001FAAF7 /* Assets.xcassets */ = {isa = PBXFileReference; lastKnownFileType = folder.assetcatalog; path = Assets.xcassets; sourceTree = "<group>"; };
		AE72B92527167D3D001FAAF7 /* Base */ = {isa = PBXFileReference; lastKnownFileType = file.storyboard; name = Base; path = Base.lproj/LaunchScreen.storyboard; sourceTree = "<group>"; };
		AE72B92727167D3D001FAAF7 /* Info.plist */ = {isa = PBXFileReference; lastKnownFileType = text.plist.xml; path = Info.plist; sourceTree = "<group>"; };
/* End PBXFileReference section */

/* Begin PBXFrameworksBuildPhase section */
		AE72B91327167D3B001FAAF7 /* Frameworks */ = {
			isa = PBXFrameworksBuildPhase;
			buildActionMask = 2147483647;
			files = (
			);
			runOnlyForDeploymentPostprocessing = 0;
		};
/* End PBXFrameworksBuildPhase section */

/* Begin PBXGroup section */
		AE72B90D27167D3B001FAAF7 = {
			isa = PBXGroup;
			children = (
				AE72B91827167D3B001FAAF7 /* 11 - day UIPickerViewde shiyong */,
				AE72B91727167D3B001FAAF7 /* Products */,
			);
			sourceTree = "<group>";
		};
		AE72B91727167D3B001FAAF7 /* Products */ = {
			isa = PBXGroup;
			children = (
				AE72B91627167D3B001FAAF7 /* 11 - day UIPickerViewde shiyong.app */,
			);
			name = Products;
			sourceTree = "<group>";
		};
		AE72B91827167D3B001FAAF7 /* 11 - day UIPickerViewde shiyong */ = {
			isa = PBXGroup;
			children = (
				AE72B91927167D3B001FAAF7 /* AppDelegate.swift */,
				AE72B91B27167D3B001FAAF7 /* SceneDelegate.swift */,
				AE72B91D27167D3B001FAAF7 /* ViewController.swift */,
				AE72B91F27167D3B001FAAF7 /* Main.storyboard */,
				AE72B92227167D3D001FAAF7 /* Assets.xcassets */,
				AE72B92427167D3D001FAAF7 /* LaunchScreen.storyboard */,
				AE72B92727167D3D001FAAF7 /* Info.plist */,
			);
			path = "11 - day UIPickerViewde shiyong";
			sourceTree = "<group>";
		};
/* End PBXGroup section */

/* Begin PBXNativeTarget section */
		AE72B91527167D3B001FAAF7 /* 11 - day UIPickerViewde shiyong */ = {
			isa = PBXNativeTarget;
			buildConfigurationList = AE72B92A27167D3D001FAAF7 /* Build configuration list for PBXNativeTarget "11 - day UIPickerViewde shiyong" */;
			buildPhases = (
				AE72B91227167D3B001FAAF7 /* Sources */,
				AE72B91327167D3B001FAAF7 /* Frameworks */,
				AE72B91427167D3B001FAAF7 /* Resources */,
			);
			buildRules = (
			);
			dependencies = (
			);
			name = "11 - day UIPickerViewde shiyong";
			productName = "11 - day UIPickerViewde shiyong";
			productReference = AE72B91627167D3B001FAAF7 /* 11 - day UIPickerViewde shiyong.app */;
			productType = "com.apple.product-type.application";
		};
/* End PBXNativeTarget section */

/* Begin PBXProject section */
		AE72B90E27167D3B001FAAF7 /* Project object */ = {
			isa = PBXProject;
			attributes = {
				BuildIndependentTargetsInParallel = 1;
				LastSwiftUpdateCheck = 1300;
				LastUpgradeCheck = 1300;
				TargetAttributes = {
					AE72B91527167D3B001FAAF7 = {
						CreatedOnToolsVersion = 13.0;
					};
				};
			};
			buildConfigurationList = AE72B91127167D3B001FAAF7 /* Build configuration list for PBXProject "11 - day UIPickerViewde shiyong" */;
			compatibilityVersion = "Xcode 13.0";
			developmentRegion = en;
			hasScannedForEncodings = 0;
			knownRegions = (
				en,
				Base,
			);
			mainGroup = AE72B90D27167D3B001FAAF7;
			productRefGroup = AE72B91727167D3B001FAAF7 /* Products */;
			projectDirPath = "";
			projectRoot = "";
			targets = (
				AE72B91527167D3B001FAAF7 /* 11 - day UIPickerViewde shiyong */,
			);
		};
/* End PBXProject section */

/* Begin PBXResourcesBuildPhase section */
		AE72B91427167D3B001FAAF7 /* Resources */ = {
			isa = PBXResourcesBuildPhase;
			buildActionMask = 2147483647;
			files = (
				AE72B92627167D3D001FAAF7 /* LaunchScreen.storyboard in Resources */,
				AE72B92327167D3D001FAAF7 /* Assets.xcassets in Resources */,
				AE72B92127167D3B001FAAF7 /* Main.storyboard in Resources */,
			);
			runOnlyForDeploymentPostprocessing = 0;
		};
/* End PBXResourcesBuildPhase section */

/* Begin PBXSourcesBuildPhase section */
		AE72B91227167D3B001FAAF7 /* Sources */ = {
			isa = PBXSourcesBuildPhase;
			buildActionMask = 2147483647;
			files = (
				AE72B91E27167D3B001FAAF7 /* ViewController.swift in Sources */,
				AE72B91A27167D3B001FAAF7 /* AppDelegate.swift in Sources */,
				AE72B91C27167D3B001FAAF7 /* SceneDelegate.swift in Sources */,
			);
			runOnlyForDeploymentPostprocessing = 0;
		};
/* End PBXSourcesBuildPhase section */

/* Begin PBXVariantGroup section */
		AE72B91F27167D3B001FAAF7 /* Main.storyboard */ = {
			isa = PBXVariantGroup;
			children = (
				AE72B92027167D3B001FAAF7 /* Base */,
			);
			name = Main.storyboard;
			sourceTree = "<group>";
		};
		AE72B92427167D3D001FAAF7 /* LaunchScreen.storyboard */ = {
			isa = PBXVariantGroup;
			children = (
				AE72B92527167D3D001FAAF7 /* Base */,
			);
			name = LaunchScreen.storyboard;
			sourceTree = "<group>";
		};
/* End PBXVariantGroup section */

/* Begin XCBuildConfiguration section */
		AE72B92827167D3D001FAAF7 /* Debug */ = {
			isa = XCBuildConfiguration;
			buildSettings = {
				ALWAYS_SEARCH_USER_PATHS = NO;
				CLANG_ANALYZER_NONNULL = YES;
				CLANG_ANALYZER_NUMBER_OBJECT_CONVERSION = YES_AGGRESSIVE;
				CLANG_CXX_LANGUAGE_STANDARD = "gnu++17";
				CLANG_CXX_LIBRARY = "libc++";
				CLANG_ENABLE_MODULES = YES;
				CLANG_ENABLE_OBJC_ARC = YES;
				CLANG_ENABLE_OBJC_WEAK = YES;
				CLANG_WARN_BLOCK_CAPTURE_AUTORELEASING = YES;
				CLANG_WARN_BOOL_CONVERSION = YES;
				CLANG_WARN_COMMA = YES;
				CLANG_WARN_CONSTANT_CONVERSION = YES;
				CLANG_WARN_DEPRECATED_OBJC_IMPLEMENTATIONS = YES;
				CLANG_WARN_DIRECT_OBJC_ISA_USAGE = YES_ERROR;
				CLANG_WARN_DOCUMENTATION_COMMENTS = YES;
				CLANG_WARN_EMPTY_BODY = YES;
				CLANG_WARN_ENUM_CONVERSION = YES;
				CLANG_WARN_INFINITE_RECURSION = YES;
				CLANG_WARN_INT_CONVERSION = YES;
				CLANG_WARN_NON_LITERAL_NULL_CONVERSION = YES;
				CLANG_WARN_OBJC_IMPLICIT_RETAIN_SELF = YES;
				CLANG_WARN_OBJC_LITERAL_CONVERSION = YES;
				CLANG_WARN_OBJC_ROOT_CLASS = YES_ERROR;
				CLANG_WARN_QUOTED_INCLUDE_IN_FRAMEWORK_HEADER = YES;
				CLANG_WARN_RANGE_LOOP_ANALYSIS = YES;
				CLANG_WARN_STRICT_PROTOTYPES = YES;
				CLANG_WARN_SUSPICIOUS_MOVE = YES;
				CLANG_WARN_UNGUARDED_AVAILABILITY = YES_AGGRESSIVE;
				CLANG_WARN_UNREACHABLE_CODE = YES;
				CLANG_WARN__DUPLICATE_METHOD_MATCH = YES;
				COPY_PHASE_STRIP = NO;
				DEBUG_INFORMATION_FORMAT = dwarf;
				ENABLE_STRICT_OBJC_MSGSEND = YES;
				ENABLE_TESTABILITY = YES;
				GCC_C_LANGUAGE_STANDARD = gnu11;
				GCC_DYNAMIC_NO_PIC = NO;
				GCC_NO_COMMON_BLOCKS = YES;
				GCC_OPTIMIZATION_LEVEL = 0;
				GCC_PREPROCESSOR_DEFINITIONS = (
					"DEBUG=1",
					"$(inherited)",
				);
				GCC_WARN_64_TO_32_BIT_CONVERSION = YES;
				GCC_WARN_ABOUT_RETURN_TYPE = YES_ERROR;
				GCC_WARN_UNDECLARED_SELECTOR = YES;
				GCC_WARN_UNINITIALIZED_AUTOS = YES_AGGRESSIVE;
				GCC_WARN_UNUSED_FUNCTION = YES;
				GCC_WARN_UNUSED_VARIABLE = YES;
				IPHONEOS_DEPLOYMENT_TARGET = 15.0;
				MTL_ENABLE_DEBUG_INFO = INCLUDE_SOURCE;
				MTL_FAST_MATH = YES;
				ONLY_ACTIVE_ARCH = YES;
				SDKROOT = iphoneos;
				SWIFT_ACTIVE_COMPILATION_CONDITIONS = DEBUG;
				SWIFT_OPTIMIZATION_LEVEL = "-Onone";
			};
			name = Debug;
		};
		AE72B92927167D3D001FAAF7 /* Release */ = {
			isa = XCBuildConfiguration;
			buildSettings = {
				ALWAYS_SEARCH_USER_PATHS = NO;
				CLANG_ANALYZER_NONNULL = YES;
				CLANG_ANALYZER_NUMBER_OBJECT_CONVERSION = YES_AGGRESSIVE;
				CLANG_CXX_LANGUAGE_STANDARD = "gnu++17";
				CLANG_CXX_LIBRARY = "libc++";
				CLANG_ENABLE_MODULES = YES;
				CLANG_ENABLE_OBJC_ARC = YES;
				CLANG_ENABLE_OBJC_WEAK = YES;
				CLANG_WARN_BLOCK_CAPTURE_AUTORELEASING = YES;
				CLANG_WARN_BOOL_CONVERSION = YES;
				CLANG_WARN_COMMA = YES;
				CLANG_WARN_CONSTANT_CONVERSION = YES;
				CLANG_WARN_DEPRECATED_OBJC_IMPLEMENTATIONS = YES;
				CLANG_WARN_DIRECT_OBJC_ISA_USAGE = YES_ERROR;
				CLANG_WARN_DOCUMENTATION_COMMENTS = YES;
				CLANG_WARN_EMPTY_BODY = YES;
				CLANG_WARN_ENUM_CONVERSION = YES;
				CLANG_WARN_INFINITE_RECURSION = YES;
				CLANG_WARN_INT_CONVERSION = YES;
				CLANG_WARN_NON_LITERAL_NULL_CONVERSION = YES;
				CLANG_WARN_OBJC_IMPLICIT_RETAIN_SELF = YES;
				CLANG_WARN_OBJC_LITERAL_CONVERSION = YES;
				CLANG_WARN_OBJC_ROOT_CLASS = YES_ERROR;
				CLANG_WARN_QUOTED_INCLUDE_IN_FRAMEWORK_HEADER = YES;
				CLANG_WARN_RANGE_LOOP_ANALYSIS = YES;
				CLANG_WARN_STRICT_PROTOTYPES = YES;
				CLANG_WARN_SUSPICIOUS_MOVE = YES;
				CLANG_WARN_UNGUARDED_AVAILABILITY = YES_AGGRESSIVE;
				CLANG_WARN_UNREACHABLE_CODE = YES;
				CLANG_WARN__DUPLICATE_METHOD_MATCH = YES;
				COPY_PHASE_STRIP = NO;
				DEBUG_INFORMATION_FORMAT = "dwarf-with-dsym";
				ENABLE_NS_ASSERTIONS = NO;
				ENABLE_STRICT_OBJC_MSGSEND = YES;
				GCC_C_LANGUAGE_STANDARD = gnu11;
				GCC_NO_COMMON_BLOCKS = YES;
				GCC_WARN_64_TO_32_BIT_CONVERSION = YES;
				GCC_WARN_ABOUT_RETURN_TYPE = YES_ERROR;
				GCC_WARN_UNDECLARED_SELECTOR = YES;
				GCC_WARN_UNINITIALIZED_AUTOS = YES_AGGRESSIVE;
				GCC_WARN_UNUSED_FUNCTION = YES;
				GCC_WARN_UNUSED_VARIABLE = YES;
				IPHONEOS_DEPLOYMENT_TARGET = 15.0;
				MTL_ENABLE_DEBUG_INFO = NO;
				MTL_FAST_MATH = YES;
				SDKROOT = iphoneos;
				SWIFT_COMPILATION_MODE = wholemodule;
				SWIFT_OPTIMIZATION_LEVEL = "-O";
				VALIDATE_PRODUCT = YES;
			};
			name = Release;
		};
		AE72B92B27167D3D001FAAF7 /* Debug */ = {
			isa = XCBuildConfiguration;
			buildSettings = {
				ASSETCATALOG_COMPILER_APPICON_NAME = AppIcon;
				ASSETCATALOG_COMPILER_GLOBAL_ACCENT_COLOR_NAME = AccentColor;
				CODE_SIGN_STYLE = Automatic;
				CURRENT_PROJECT_VERSION = 1;
				DEVELOPMENT_TEAM = 2TG89PN27R;
				GENERATE_INFOPLIST_FILE = YES;
				INFOPLIST_FILE = "11 - day UIPickerViewde shiyong/Info.plist";
				INFOPLIST_KEY_UIApplicationSupportsIndirectInputEvents = YES;
				INFOPLIST_KEY_UILaunchStoryboardName = LaunchScreen;
				INFOPLIST_KEY_UIMainStoryboardFile = Main;
				INFOPLIST_KEY_UISupportedInterfaceOrientations_iPad = "UIInterfaceOrientationPortrait UIInterfaceOrientationPortraitUpsideDown UIInterfaceOrientationLandscapeLeft UIInterfaceOrientationLandscapeRight";
				INFOPLIST_KEY_UISupportedInterfaceOrientations_iPhone = "UIInterfaceOrientationPortrait UIInterfaceOrientationLandscapeLeft UIInterfaceOrientationLandscapeRight";
				LD_RUNPATH_SEARCH_PATHS = (
					"$(inherited)",
					"@executable_path/Frameworks",
				);
				MARKETING_VERSION = 1.0;
				PRODUCT_BUNDLE_IDENTIFIER = "com.sal.-1---day-UIPickerViewde-shiyong";
				PRODUCT_NAME = "$(TARGET_NAME)";
				SWIFT_EMIT_LOC_STRINGS = YES;
				SWIFT_VERSION = 5.0;
				TARGETED_DEVICE_FAMILY = "1,2";
			};
			name = Debug;
		};
		AE72B92C27167D3D001FAAF7 /* Release */ = {
			isa = XCBuildConfiguration;
			buildSettings = {
				ASSETCATALOG_COMPILER_APPICON_NAME = AppIcon;
				ASSETCATALOG_COMPILER_GLOBAL_ACCENT_COLOR_NAME = AccentColor;
				CODE_SIGN_STYLE = Automatic;
				CURRENT_PROJECT_VERSION = 1;
				DEVELOPMENT_TEAM = 2TG89PN27R;
				GENERATE_INFOPLIST_FILE = YES;
				INFOPLIST_FILE = "11 - day UIPickerViewde shiyong/Info.plist";
				INFOPLIST_KEY_UIApplicationSupportsIndirectInputEvents = YES;
				INFOPLIST_KEY_UILaunchStoryboardName = LaunchScreen;
				INFOPLIST_KEY_UIMainStoryboardFile = Main;
				INFOPLIST_KEY_UISupportedInterfaceOrientations_iPad = "UIInterfaceOrientationPortrait UIInterfaceOrientationPortraitUpsideDown UIInterfaceOrientationLandscapeLeft UIInterfaceOrientationLandscapeRight";
				INFOPLIST_KEY_UISupportedInterfaceOrientations_iPhone = "UIInterfaceOrientationPortrait UIInterfaceOrientationLandscapeLeft UIInterfaceOrientationLandscapeRight";
				LD_RUNPATH_SEARCH_PATHS = (
					"$(inherited)",
					"@executable_path/Frameworks",
				);
				MARKETING_VERSION = 1.0;
				PRODUCT_BUNDLE_IDENTIFIER = "com.sal.-1---day-UIPickerViewde-shiyong";
				PRODUCT_NAME = "$(TARGET_NAME)";
				SWIFT_EMIT_LOC_STRINGS = YES;
				SWIFT_VERSION = 5.0;
				TARGETED_DEVICE_FAMILY = "1,2";
			};
			name = Release;
		};
/* End XCBuildConfiguration section */

/* Begin XCConfigurationList section */
		AE72B91127167D3B001FAAF7 /* Build configuration list for PBXProject "11 - day UIPickerViewde shiyong" */ = {
			isa = XCConfigurationList;
			buildConfigurations = (
				AE72B92827167D3D001FAAF7 /* Debug */,
				AE72B92927167D3D001FAAF7 /* Release */,
			);
			defaultConfigurationIsVisible = 0;
			defaultConfigurationName = Release;
		};
		AE72B92A27167D3D001FAAF7 /* Build configuration list for PBXNativeTarget "11 - day UIPickerViewde shiyong" */ = {
			isa = XCConfigurationList;
			buildConfigurations = (
				AE72B92B27167D3D001FAAF7 /* Debug */,
				AE72B92C27167D3D001FAAF7 /* Release */,
			);
			defaultConfigurationIsVisible = 0;
			defaultConfigurationName = Release;
		};
/* End XCConfigurationList section */
	};
	rootObject = AE72B90E27167D3B001FAAF7 /* Project object */;
}
