// !$*UTF8*$!
{
	archiveVersion = 1;
	classes = {
	};
	objectVersion = 55;
	objects = {

/* Begin PBXBuildFile section */
		AE582CDC274DE6BF006BE549 /* AppDelegate.swift in Sources */ = {isa = PBXBuildFile; fileRef = AE582CDB274DE6BF006BE549 /* AppDelegate.swift */; };
		AE582CDE274DE6BF006BE549 /* SceneDelegate.swift in Sources */ = {isa = PBXBuildFile; fileRef = AE582CDD274DE6BF006BE549 /* SceneDelegate.swift */; };
		AE582CE0274DE6BF006BE549 /* ViewController.swift in Sources */ = {isa = PBXBuildFile; fileRef = AE582CDF274DE6BF006BE549 /* ViewController.swift */; };
		AE582CE3274DE6BF006BE549 /* Main.storyboard in Resources */ = {isa = PBXBuildFile; fileRef = AE582CE1274DE6BF006BE549 /* Main.storyboard */; };
		AE582CE5274DE6C1006BE549 /* Assets.xcassets in Resources */ = {isa = PBXBuildFile; fileRef = AE582CE4274DE6C1006BE549 /* Assets.xcassets */; };
		AE582CE8274DE6C1006BE549 /* LaunchScreen.storyboard in Resources */ = {isa = PBXBuildFile; fileRef = AE582CE6274DE6C1006BE549 /* LaunchScreen.storyboard */; };
		FB0BC881BA7AD7EEACAD295E /* Pods_____.framework in Frameworks */ = {isa = PBXBuildFile; fileRef = 62294BF4FFA9325F8BE7FE63 /* Pods_____.framework */; };
/* End PBXBuildFile section */

/* Begin PBXFileReference section */
		62294BF4FFA9325F8BE7FE63 /* Pods_____.framework */ = {isa = PBXFileReference; explicitFileType = wrapper.framework; includeInIndex = 0; path = Pods_____.framework; sourceTree = BUILT_PRODUCTS_DIR; };
		AE582CD8274DE6BF006BE549 /* 无限滚动.app */ = {isa = PBXFileReference; explicitFileType = wrapper.application; includeInIndex = 0; path = "无限滚动.app"; sourceTree = BUILT_PRODUCTS_DIR; };
		AE582CDB274DE6BF006BE549 /* AppDelegate.swift */ = {isa = PBXFileReference; lastKnownFileType = sourcecode.swift; path = AppDelegate.swift; sourceTree = "<group>"; };
		AE582CDD274DE6BF006BE549 /* SceneDelegate.swift */ = {isa = PBXFileReference; lastKnownFileType = sourcecode.swift; path = SceneDelegate.swift; sourceTree = "<group>"; };
		AE582CDF274DE6BF006BE549 /* ViewController.swift */ = {isa = PBXFileReference; lastKnownFileType = sourcecode.swift; path = ViewController.swift; sourceTree = "<group>"; };
		AE582CE2274DE6BF006BE549 /* Base */ = {isa = PBXFileReference; lastKnownFileType = file.storyboard; name = Base; path = Base.lproj/Main.storyboard; sourceTree = "<group>"; };
		AE582CE4274DE6C1006BE549 /* Assets.xcassets */ = {isa = PBXFileReference; lastKnownFileType = folder.assetcatalog; path = Assets.xcassets; sourceTree = "<group>"; };
		AE582CE7274DE6C1006BE549 /* Base */ = {isa = PBXFileReference; lastKnownFileType = file.storyboard; name = Base; path = Base.lproj/LaunchScreen.storyboard; sourceTree = "<group>"; };
		AE582CE9274DE6C1006BE549 /* Info.plist */ = {isa = PBXFileReference; lastKnownFileType = text.plist.xml; path = Info.plist; sourceTree = "<group>"; };
		E51A88F50724B409B1080335 /* Pods-无限滚动.release.xcconfig */ = {isa = PBXFileReference; includeInIndex = 1; lastKnownFileType = text.xcconfig; name = "Pods-无限滚动.release.xcconfig"; path = "Target Support Files/Pods-无限滚动/Pods-无限滚动.release.xcconfig"; sourceTree = "<group>"; };
		F2D551F5861AE1AA51ABC4FF /* Pods-无限滚动.debug.xcconfig */ = {isa = PBXFileReference; includeInIndex = 1; lastKnownFileType = text.xcconfig; name = "Pods-无限滚动.debug.xcconfig"; path = "Target Support Files/Pods-无限滚动/Pods-无限滚动.debug.xcconfig"; sourceTree = "<group>"; };
/* End PBXFileReference section */

/* Begin PBXFrameworksBuildPhase section */
		AE582CD5274DE6BF006BE549 /* Frameworks */ = {
			isa = PBXFrameworksBuildPhase;
			buildActionMask = 2147483647;
			files = (
				FB0BC881BA7AD7EEACAD295E /* Pods_____.framework in Frameworks */,
			);
			runOnlyForDeploymentPostprocessing = 0;
		};
/* End PBXFrameworksBuildPhase section */

/* Begin PBXGroup section */
		0AC79FF62679F228CCF53BD8 /* Frameworks */ = {
			isa = PBXGroup;
			children = (
				62294BF4FFA9325F8BE7FE63 /* Pods_____.framework */,
			);
			name = Frameworks;
			sourceTree = "<group>";
		};
		227A9D6D7E608B4985F1B27E /* Pods */ = {
			isa = PBXGroup;
			children = (
				F2D551F5861AE1AA51ABC4FF /* Pods-无限滚动.debug.xcconfig */,
				E51A88F50724B409B1080335 /* Pods-无限滚动.release.xcconfig */,
			);
			name = Pods;
			path = Pods;
			sourceTree = "<group>";
		};
		AE582CCF274DE6BF006BE549 = {
			isa = PBXGroup;
			children = (
				AE582CDA274DE6BF006BE549 /* 无限滚动 */,
				AE582CD9274DE6BF006BE549 /* Products */,
				227A9D6D7E608B4985F1B27E /* Pods */,
				0AC79FF62679F228CCF53BD8 /* Frameworks */,
			);
			sourceTree = "<group>";
		};
		AE582CD9274DE6BF006BE549 /* Products */ = {
			isa = PBXGroup;
			children = (
				AE582CD8274DE6BF006BE549 /* 无限滚动.app */,
			);
			name = Products;
			sourceTree = "<group>";
		};
		AE582CDA274DE6BF006BE549 /* 无限滚动 */ = {
			isa = PBXGroup;
			children = (
				AE582CDB274DE6BF006BE549 /* AppDelegate.swift */,
				AE582CDD274DE6BF006BE549 /* SceneDelegate.swift */,
				AE582CDF274DE6BF006BE549 /* ViewController.swift */,
				AE582CE1274DE6BF006BE549 /* Main.storyboard */,
				AE582CE4274DE6C1006BE549 /* Assets.xcassets */,
				AE582CE6274DE6C1006BE549 /* LaunchScreen.storyboard */,
				AE582CE9274DE6C1006BE549 /* Info.plist */,
			);
			path = "无限滚动";
			sourceTree = "<group>";
		};
/* End PBXGroup section */

/* Begin PBXNativeTarget section */
		AE582CD7274DE6BF006BE549 /* 无限滚动 */ = {
			isa = PBXNativeTarget;
			buildConfigurationList = AE582CEC274DE6C1006BE549 /* Build configuration list for PBXNativeTarget "无限滚动" */;
			buildPhases = (
				D9FC68BC3135C99AB09D0463 /* [CP] Check Pods Manifest.lock */,
				AE582CD4274DE6BF006BE549 /* Sources */,
				AE582CD5274DE6BF006BE549 /* Frameworks */,
				AE582CD6274DE6BF006BE549 /* Resources */,
				60EE9FD69842923CDC729775 /* [CP] Embed Pods Frameworks */,
			);
			buildRules = (
			);
			dependencies = (
			);
			name = "无限滚动";
			productName = "无限滚动";
			productReference = AE582CD8274DE6BF006BE549 /* 无限滚动.app */;
			productType = "com.apple.product-type.application";
		};
/* End PBXNativeTarget section */

/* Begin PBXProject section */
		AE582CD0274DE6BF006BE549 /* Project object */ = {
			isa = PBXProject;
			attributes = {
				BuildIndependentTargetsInParallel = 1;
				LastSwiftUpdateCheck = 1300;
				LastUpgradeCheck = 1300;
				TargetAttributes = {
					AE582CD7274DE6BF006BE549 = {
						CreatedOnToolsVersion = 13.0;
					};
				};
			};
			buildConfigurationList = AE582CD3274DE6BF006BE549 /* Build configuration list for PBXProject "无限滚动" */;
			compatibilityVersion = "Xcode 13.0";
			developmentRegion = en;
			hasScannedForEncodings = 0;
			knownRegions = (
				en,
				Base,
			);
			mainGroup = AE582CCF274DE6BF006BE549;
			productRefGroup = AE582CD9274DE6BF006BE549 /* Products */;
			projectDirPath = "";
			projectRoot = "";
			targets = (
				AE582CD7274DE6BF006BE549 /* 无限滚动 */,
			);
		};
/* End PBXProject section */

/* Begin PBXResourcesBuildPhase section */
		AE582CD6274DE6BF006BE549 /* Resources */ = {
			isa = PBXResourcesBuildPhase;
			buildActionMask = 2147483647;
			files = (
				AE582CE8274DE6C1006BE549 /* LaunchScreen.storyboard in Resources */,
				AE582CE5274DE6C1006BE549 /* Assets.xcassets in Resources */,
				AE582CE3274DE6BF006BE549 /* Main.storyboard in Resources */,
			);
			runOnlyForDeploymentPostprocessing = 0;
		};
/* End PBXResourcesBuildPhase section */

/* Begin PBXShellScriptBuildPhase section */
		60EE9FD69842923CDC729775 /* [CP] Embed Pods Frameworks */ = {
			isa = PBXShellScriptBuildPhase;
			buildActionMask = 2147483647;
			files = (
			);
			inputFileListPaths = (
				"${PODS_ROOT}/Target Support Files/Pods-无限滚动/Pods-无限滚动-frameworks-${CONFIGURATION}-input-files.xcfilelist",
			);
			name = "[CP] Embed Pods Frameworks";
			outputFileListPaths = (
				"${PODS_ROOT}/Target Support Files/Pods-无限滚动/Pods-无限滚动-frameworks-${CONFIGURATION}-output-files.xcfilelist",
			);
			runOnlyForDeploymentPostprocessing = 0;
			shellPath = /bin/sh;
			shellScript = "\"${PODS_ROOT}/Target Support Files/Pods-无限滚动/Pods-无限滚动-frameworks.sh\"\n";
			showEnvVarsInLog = 0;
		};
		D9FC68BC3135C99AB09D0463 /* [CP] Check Pods Manifest.lock */ = {
			isa = PBXShellScriptBuildPhase;
			buildActionMask = 2147483647;
			files = (
			);
			inputFileListPaths = (
			);
			inputPaths = (
				"${PODS_PODFILE_DIR_PATH}/Podfile.lock",
				"${PODS_ROOT}/Manifest.lock",
			);
			name = "[CP] Check Pods Manifest.lock";
			outputFileListPaths = (
			);
			outputPaths = (
				"$(DERIVED_FILE_DIR)/Pods-无限滚动-checkManifestLockResult.txt",
			);
			runOnlyForDeploymentPostprocessing = 0;
			shellPath = /bin/sh;
			shellScript = "diff \"${PODS_PODFILE_DIR_PATH}/Podfile.lock\" \"${PODS_ROOT}/Manifest.lock\" > /dev/null\nif [ $? != 0 ] ; then\n    # print error to STDERR\n    echo \"error: The sandbox is not in sync with the Podfile.lock. Run 'pod install' or update your CocoaPods installation.\" >&2\n    exit 1\nfi\n# This output is used by Xcode 'outputs' to avoid re-running this script phase.\necho \"SUCCESS\" > \"${SCRIPT_OUTPUT_FILE_0}\"\n";
			showEnvVarsInLog = 0;
		};
/* End PBXShellScriptBuildPhase section */

/* Begin PBXSourcesBuildPhase section */
		AE582CD4274DE6BF006BE549 /* Sources */ = {
			isa = PBXSourcesBuildPhase;
			buildActionMask = 2147483647;
			files = (
				AE582CE0274DE6BF006BE549 /* ViewController.swift in Sources */,
				AE582CDC274DE6BF006BE549 /* AppDelegate.swift in Sources */,
				AE582CDE274DE6BF006BE549 /* SceneDelegate.swift in Sources */,
			);
			runOnlyForDeploymentPostprocessing = 0;
		};
/* End PBXSourcesBuildPhase section */

/* Begin PBXVariantGroup section */
		AE582CE1274DE6BF006BE549 /* Main.storyboard */ = {
			isa = PBXVariantGroup;
			children = (
				AE582CE2274DE6BF006BE549 /* Base */,
			);
			name = Main.storyboard;
			sourceTree = "<group>";
		};
		AE582CE6274DE6C1006BE549 /* LaunchScreen.storyboard */ = {
			isa = PBXVariantGroup;
			children = (
				AE582CE7274DE6C1006BE549 /* Base */,
			);
			name = LaunchScreen.storyboard;
			sourceTree = "<group>";
		};
/* End PBXVariantGroup section */

/* Begin XCBuildConfiguration section */
		AE582CEA274DE6C1006BE549 /* Debug */ = {
			isa = XCBuildConfiguration;
			buildSettings = {
				ALWAYS_SEARCH_USER_PATHS = NO;
				CLANG_ANALYZER_NONNULL = YES;
				CLANG_ANALYZER_NUMBER_OBJECT_CONVERSION = YES_AGGRESSIVE;
				CLANG_CXX_LANGUAGE_STANDARD = "gnu++17";
				CLANG_CXX_LIBRARY = "libc++";
				CLANG_ENABLE_MODULES = YES;
				CLANG_ENABLE_OBJC_ARC = YES;
				CLANG_ENABLE_OBJC_WEAK = YES;
				CLANG_WARN_BLOCK_CAPTURE_AUTORELEASING = YES;
				CLANG_WARN_BOOL_CONVERSION = YES;
				CLANG_WARN_COMMA = YES;
				CLANG_WARN_CONSTANT_CONVERSION = YES;
				CLANG_WARN_DEPRECATED_OBJC_IMPLEMENTATIONS = YES;
				CLANG_WARN_DIRECT_OBJC_ISA_USAGE = YES_ERROR;
				CLANG_WARN_DOCUMENTATION_COMMENTS = YES;
				CLANG_WARN_EMPTY_BODY = YES;
				CLANG_WARN_ENUM_CONVERSION = YES;
				CLANG_WARN_INFINITE_RECURSION = YES;
				CLANG_WARN_INT_CONVERSION = YES;
				CLANG_WARN_NON_LITERAL_NULL_CONVERSION = YES;
				CLANG_WARN_OBJC_IMPLICIT_RETAIN_SELF = YES;
				CLANG_WARN_OBJC_LITERAL_CONVERSION = YES;
				CLANG_WARN_OBJC_ROOT_CLASS = YES_ERROR;
				CLANG_WARN_QUOTED_INCLUDE_IN_FRAMEWORK_HEADER = YES;
				CLANG_WARN_RANGE_LOOP_ANALYSIS = YES;
				CLANG_WARN_STRICT_PROTOTYPES = YES;
				CLANG_WARN_SUSPICIOUS_MOVE = YES;
				CLANG_WARN_UNGUARDED_AVAILABILITY = YES_AGGRESSIVE;
				CLANG_WARN_UNREACHABLE_CODE = YES;
				CLANG_WARN__DUPLICATE_METHOD_MATCH = YES;
				COPY_PHASE_STRIP = NO;
				DEBUG_INFORMATION_FORMAT = dwarf;
				ENABLE_STRICT_OBJC_MSGSEND = YES;
				ENABLE_TESTABILITY = YES;
				GCC_C_LANGUAGE_STANDARD = gnu11;
				GCC_DYNAMIC_NO_PIC = NO;
				GCC_NO_COMMON_BLOCKS = YES;
				GCC_OPTIMIZATION_LEVEL = 0;
				GCC_PREPROCESSOR_DEFINITIONS = (
					"DEBUG=1",
					"$(inherited)",
				);
				GCC_WARN_64_TO_32_BIT_CONVERSION = YES;
				GCC_WARN_ABOUT_RETURN_TYPE = YES_ERROR;
				GCC_WARN_UNDECLARED_SELECTOR = YES;
				GCC_WARN_UNINITIALIZED_AUTOS = YES_AGGRESSIVE;
				GCC_WARN_UNUSED_FUNCTION = YES;
				GCC_WARN_UNUSED_VARIABLE = YES;
				IPHONEOS_DEPLOYMENT_TARGET = 15.0;
				MTL_ENABLE_DEBUG_INFO = INCLUDE_SOURCE;
				MTL_FAST_MATH = YES;
				ONLY_ACTIVE_ARCH = YES;
				SDKROOT = iphoneos;
				SWIFT_ACTIVE_COMPILATION_CONDITIONS = DEBUG;
				SWIFT_OPTIMIZATION_LEVEL = "-Onone";
			};
			name = Debug;
		};
		AE582CEB274DE6C1006BE549 /* Release */ = {
			isa = XCBuildConfiguration;
			buildSettings = {
				ALWAYS_SEARCH_USER_PATHS = NO;
				CLANG_ANALYZER_NONNULL = YES;
				CLANG_ANALYZER_NUMBER_OBJECT_CONVERSION = YES_AGGRESSIVE;
				CLANG_CXX_LANGUAGE_STANDARD = "gnu++17";
				CLANG_CXX_LIBRARY = "libc++";
				CLANG_ENABLE_MODULES = YES;
				CLANG_ENABLE_OBJC_ARC = YES;
				CLANG_ENABLE_OBJC_WEAK = YES;
				CLANG_WARN_BLOCK_CAPTURE_AUTORELEASING = YES;
				CLANG_WARN_BOOL_CONVERSION = YES;
				CLANG_WARN_COMMA = YES;
				CLANG_WARN_CONSTANT_CONVERSION = YES;
				CLANG_WARN_DEPRECATED_OBJC_IMPLEMENTATIONS = YES;
				CLANG_WARN_DIRECT_OBJC_ISA_USAGE = YES_ERROR;
				CLANG_WARN_DOCUMENTATION_COMMENTS = YES;
				CLANG_WARN_EMPTY_BODY = YES;
				CLANG_WARN_ENUM_CONVERSION = YES;
				CLANG_WARN_INFINITE_RECURSION = YES;
				CLANG_WARN_INT_CONVERSION = YES;
				CLANG_WARN_NON_LITERAL_NULL_CONVERSION = YES;
				CLANG_WARN_OBJC_IMPLICIT_RETAIN_SELF = YES;
				CLANG_WARN_OBJC_LITERAL_CONVERSION = YES;
				CLANG_WARN_OBJC_ROOT_CLASS = YES_ERROR;
				CLANG_WARN_QUOTED_INCLUDE_IN_FRAMEWORK_HEADER = YES;
				CLANG_WARN_RANGE_LOOP_ANALYSIS = YES;
				CLANG_WARN_STRICT_PROTOTYPES = YES;
				CLANG_WARN_SUSPICIOUS_MOVE = YES;
				CLANG_WARN_UNGUARDED_AVAILABILITY = YES_AGGRESSIVE;
				CLANG_WARN_UNREACHABLE_CODE = YES;
				CLANG_WARN__DUPLICATE_METHOD_MATCH = YES;
				COPY_PHASE_STRIP = NO;
				DEBUG_INFORMATION_FORMAT = "dwarf-with-dsym";
				ENABLE_NS_ASSERTIONS = NO;
				ENABLE_STRICT_OBJC_MSGSEND = YES;
				GCC_C_LANGUAGE_STANDARD = gnu11;
				GCC_NO_COMMON_BLOCKS = YES;
				GCC_WARN_64_TO_32_BIT_CONVERSION = YES;
				GCC_WARN_ABOUT_RETURN_TYPE = YES_ERROR;
				GCC_WARN_UNDECLARED_SELECTOR = YES;
				GCC_WARN_UNINITIALIZED_AUTOS = YES_AGGRESSIVE;
				GCC_WARN_UNUSED_FUNCTION = YES;
				GCC_WARN_UNUSED_VARIABLE = YES;
				IPHONEOS_DEPLOYMENT_TARGET = 15.0;
				MTL_ENABLE_DEBUG_INFO = NO;
				MTL_FAST_MATH = YES;
				SDKROOT = iphoneos;
				SWIFT_COMPILATION_MODE = wholemodule;
				SWIFT_OPTIMIZATION_LEVEL = "-O";
				VALIDATE_PRODUCT = YES;
			};
			name = Release;
		};
		AE582CED274DE6C1006BE549 /* Debug */ = {
			isa = XCBuildConfiguration;
			baseConfigurationReference = F2D551F5861AE1AA51ABC4FF /* Pods-无限滚动.debug.xcconfig */;
			buildSettings = {
				ASSETCATALOG_COMPILER_APPICON_NAME = AppIcon;
				ASSETCATALOG_COMPILER_GLOBAL_ACCENT_COLOR_NAME = AccentColor;
				CODE_SIGN_STYLE = Automatic;
				CURRENT_PROJECT_VERSION = 1;
				DEVELOPMENT_TEAM = 2TG89PN27R;
				GENERATE_INFOPLIST_FILE = YES;
				INFOPLIST_FILE = "无限滚动/Info.plist";
				INFOPLIST_KEY_UIApplicationSupportsIndirectInputEvents = YES;
				INFOPLIST_KEY_UILaunchStoryboardName = LaunchScreen;
				INFOPLIST_KEY_UIMainStoryboardFile = Main;
				INFOPLIST_KEY_UISupportedInterfaceOrientations_iPad = "UIInterfaceOrientationPortrait UIInterfaceOrientationPortraitUpsideDown UIInterfaceOrientationLandscapeLeft UIInterfaceOrientationLandscapeRight";
				INFOPLIST_KEY_UISupportedInterfaceOrientations_iPhone = "UIInterfaceOrientationPortrait UIInterfaceOrientationLandscapeLeft UIInterfaceOrientationLandscapeRight";
				LD_RUNPATH_SEARCH_PATHS = (
					"$(inherited)",
					"@executable_path/Frameworks",
				);
				MARKETING_VERSION = 1.0;
				PRODUCT_BUNDLE_IDENTIFIER = "com.sal.----";
				PRODUCT_NAME = "$(TARGET_NAME)";
				SWIFT_EMIT_LOC_STRINGS = YES;
				SWIFT_VERSION = 5.0;
				TARGETED_DEVICE_FAMILY = "1,2";
			};
			name = Debug;
		};
		AE582CEE274DE6C1006BE549 /* Release */ = {
			isa = XCBuildConfiguration;
			baseConfigurationReference = E51A88F50724B409B1080335 /* Pods-无限滚动.release.xcconfig */;
			buildSettings = {
				ASSETCATALOG_COMPILER_APPICON_NAME = AppIcon;
				ASSETCATALOG_COMPILER_GLOBAL_ACCENT_COLOR_NAME = AccentColor;
				CODE_SIGN_STYLE = Automatic;
				CURRENT_PROJECT_VERSION = 1;
				DEVELOPMENT_TEAM = 2TG89PN27R;
				GENERATE_INFOPLIST_FILE = YES;
				INFOPLIST_FILE = "无限滚动/Info.plist";
				INFOPLIST_KEY_UIApplicationSupportsIndirectInputEvents = YES;
				INFOPLIST_KEY_UILaunchStoryboardName = LaunchScreen;
				INFOPLIST_KEY_UIMainStoryboardFile = Main;
				INFOPLIST_KEY_UISupportedInterfaceOrientations_iPad = "UIInterfaceOrientationPortrait UIInterfaceOrientationPortraitUpsideDown UIInterfaceOrientationLandscapeLeft UIInterfaceOrientationLandscapeRight";
				INFOPLIST_KEY_UISupportedInterfaceOrientations_iPhone = "UIInterfaceOrientationPortrait UIInterfaceOrientationLandscapeLeft UIInterfaceOrientationLandscapeRight";
				LD_RUNPATH_SEARCH_PATHS = (
					"$(inherited)",
					"@executable_path/Frameworks",
				);
				MARKETING_VERSION = 1.0;
				PRODUCT_BUNDLE_IDENTIFIER = "com.sal.----";
				PRODUCT_NAME = "$(TARGET_NAME)";
				SWIFT_EMIT_LOC_STRINGS = YES;
				SWIFT_VERSION = 5.0;
				TARGETED_DEVICE_FAMILY = "1,2";
			};
			name = Release;
		};
/* End XCBuildConfiguration section */

/* Begin XCConfigurationList section */
		AE582CD3274DE6BF006BE549 /* Build configuration list for PBXProject "无限滚动" */ = {
			isa = XCConfigurationList;
			buildConfigurations = (
				AE582CEA274DE6C1006BE549 /* Debug */,
				AE582CEB274DE6C1006BE549 /* Release */,
			);
			defaultConfigurationIsVisible = 0;
			defaultConfigurationName = Release;
		};
		AE582CEC274DE6C1006BE549 /* Build configuration list for PBXNativeTarget "无限滚动" */ = {
			isa = XCConfigurationList;
			buildConfigurations = (
				AE582CED274DE6C1006BE549 /* Debug */,
				AE582CEE274DE6C1006BE549 /* Release */,
			);
			defaultConfigurationIsVisible = 0;
			defaultConfigurationName = Release;
		};
/* End XCConfigurationList section */
	};
	rootObject = AE582CD0274DE6BF006BE549 /* Project object */;
}
