// !$*UTF8*$!
{
	archiveVersion = 1;
	classes = {
	};
	objectVersion = 50;
	objects = {

/* Begin PBXBuildFile section */
		AEA6E3CE2702F8F10041BCD9 /* AppDelegate.swift in Sources */ = {isa = PBXBuildFile; fileRef = AEA6E3CD2702F8F10041BCD9 /* AppDelegate.swift */; };
		AEA6E3D22702F8F10041BCD9 /* ViewController.swift in Sources */ = {isa = PBXBuildFile; fileRef = AEA6E3D12702F8F10041BCD9 /* ViewController.swift */; };
		AEA6E3D52702F8F10041BCD9 /* Main.storyboard in Resources */ = {isa = PBXBuildFile; fileRef = AEA6E3D32702F8F10041BCD9 /* Main.storyboard */; };
		AEA6E3D72702F8F70041BCD9 /* Assets.xcassets in Resources */ = {isa = PBXBuildFile; fileRef = AEA6E3D62702F8F70041BCD9 /* Assets.xcassets */; };
		AEA6E3DA2702F8F70041BCD9 /* LaunchScreen.storyboard in Resources */ = {isa = PBXBuildFile; fileRef = AEA6E3D82702F8F70041BCD9 /* LaunchScreen.storyboard */; };
		AEA6E3E52702FD000041BCD9 /* SceneDelegate.swift in Sources */ = {isa = PBXBuildFile; fileRef = AEA6E3E42702FD000041BCD9 /* SceneDelegate.swift */; };
/* End PBXBuildFile section */

/* Begin PBXFileReference section */
		AEA6E3CA2702F8F10041BCD9 /* BrokenDevice.app */ = {isa = PBXFileReference; explicitFileType = wrapper.application; includeInIndex = 0; path = BrokenDevice.app; sourceTree = BUILT_PRODUCTS_DIR; };
		AEA6E3CD2702F8F10041BCD9 /* AppDelegate.swift */ = {isa = PBXFileReference; lastKnownFileType = sourcecode.swift; path = AppDelegate.swift; sourceTree = "<group>"; };
		AEA6E3D12702F8F10041BCD9 /* ViewController.swift */ = {isa = PBXFileReference; lastKnownFileType = sourcecode.swift; path = ViewController.swift; sourceTree = "<group>"; };
		AEA6E3D42702F8F10041BCD9 /* Base */ = {isa = PBXFileReference; lastKnownFileType = file.storyboard; name = Base; path = Base.lproj/Main.storyboard; sourceTree = "<group>"; };
		AEA6E3D62702F8F70041BCD9 /* Assets.xcassets */ = {isa = PBXFileReference; lastKnownFileType = folder.assetcatalog; path = Assets.xcassets; sourceTree = "<group>"; };
		AEA6E3D92702F8F70041BCD9 /* Base */ = {isa = PBXFileReference; lastKnownFileType = file.storyboard; name = Base; path = Base.lproj/LaunchScreen.storyboard; sourceTree = "<group>"; };
		AEA6E3DB2702F8F70041BCD9 /* Info.plist */ = {isa = PBXFileReference; lastKnownFileType = text.plist.xml; path = Info.plist; sourceTree = "<group>"; };
		AEA6E3E42702FD000041BCD9 /* SceneDelegate.swift */ = {isa = PBXFileReference; fileEncoding = 4; lastKnownFileType = sourcecode.swift; path = SceneDelegate.swift; sourceTree = "<group>"; };
/* End PBXFileReference section */

/* Begin PBXFrameworksBuildPhase section */
		AEA6E3C72702F8F10041BCD9 /* Frameworks */ = {
			isa = PBXFrameworksBuildPhase;
			buildActionMask = 2147483647;
			files = (
			);
			runOnlyForDeploymentPostprocessing = 0;
		};
/* End PBXFrameworksBuildPhase section */

/* Begin PBXGroup section */
		AEA6E3C12702F8F10041BCD9 = {
			isa = PBXGroup;
			children = (
				AEA6E3CC2702F8F10041BCD9 /* BrokenDevice */,
				AEA6E3CB2702F8F10041BCD9 /* Products */,
			);
			sourceTree = "<group>";
		};
		AEA6E3CB2702F8F10041BCD9 /* Products */ = {
			isa = PBXGroup;
			children = (
				AEA6E3CA2702F8F10041BCD9 /* BrokenDevice.app */,
			);
			name = Products;
			sourceTree = "<group>";
		};
		AEA6E3CC2702F8F10041BCD9 /* BrokenDevice */ = {
			isa = PBXGroup;
			children = (
				AEA6E3E42702FD000041BCD9 /* SceneDelegate.swift */,
				AEA6E3CD2702F8F10041BCD9 /* AppDelegate.swift */,
				AEA6E3D12702F8F10041BCD9 /* ViewController.swift */,
				AEA6E3D32702F8F10041BCD9 /* Main.storyboard */,
				AEA6E3D62702F8F70041BCD9 /* Assets.xcassets */,
				AEA6E3D82702F8F70041BCD9 /* LaunchScreen.storyboard */,
				AEA6E3DB2702F8F70041BCD9 /* Info.plist */,
			);
			path = BrokenDevice;
			sourceTree = "<group>";
		};
/* End PBXGroup section */

/* Begin PBXNativeTarget section */
		AEA6E3C92702F8F10041BCD9 /* BrokenDevice */ = {
			isa = PBXNativeTarget;
			buildConfigurationList = AEA6E3DE2702F8F70041BCD9 /* Build configuration list for PBXNativeTarget "BrokenDevice" */;
			buildPhases = (
				AEA6E3C62702F8F10041BCD9 /* Sources */,
				AEA6E3C72702F8F10041BCD9 /* Frameworks */,
				AEA6E3C82702F8F10041BCD9 /* Resources */,
			);
			buildRules = (
			);
			dependencies = (
			);
			name = BrokenDevice;
			productName = BrokenDevice;
			productReference = AEA6E3CA2702F8F10041BCD9 /* BrokenDevice.app */;
			productType = "com.apple.product-type.application";
		};
/* End PBXNativeTarget section */

/* Begin PBXProject section */
		AEA6E3C22702F8F10041BCD9 /* Project object */ = {
			isa = PBXProject;
			attributes = {
				LastSwiftUpdateCheck = 1240;
				LastUpgradeCheck = 1240;
				TargetAttributes = {
					AEA6E3C92702F8F10041BCD9 = {
						CreatedOnToolsVersion = 12.4;
					};
				};
			};
			buildConfigurationList = AEA6E3C52702F8F10041BCD9 /* Build configuration list for PBXProject "BrokenDevice" */;
			compatibilityVersion = "Xcode 9.3";
			developmentRegion = en;
			hasScannedForEncodings = 0;
			knownRegions = (
				en,
				Base,
			);
			mainGroup = AEA6E3C12702F8F10041BCD9;
			productRefGroup = AEA6E3CB2702F8F10041BCD9 /* Products */;
			projectDirPath = "";
			projectRoot = "";
			targets = (
				AEA6E3C92702F8F10041BCD9 /* BrokenDevice */,
			);
		};
/* End PBXProject section */

/* Begin PBXResourcesBuildPhase section */
		AEA6E3C82702F8F10041BCD9 /* Resources */ = {
			isa = PBXResourcesBuildPhase;
			buildActionMask = 2147483647;
			files = (
				AEA6E3DA2702F8F70041BCD9 /* LaunchScreen.storyboard in Resources */,
				AEA6E3D72702F8F70041BCD9 /* Assets.xcassets in Resources */,
				AEA6E3D52702F8F10041BCD9 /* Main.storyboard in Resources */,
			);
			runOnlyForDeploymentPostprocessing = 0;
		};
/* End PBXResourcesBuildPhase section */

/* Begin PBXSourcesBuildPhase section */
		AEA6E3C62702F8F10041BCD9 /* Sources */ = {
			isa = PBXSourcesBuildPhase;
			buildActionMask = 2147483647;
			files = (
				AEA6E3D22702F8F10041BCD9 /* ViewController.swift in Sources */,
				AEA6E3CE2702F8F10041BCD9 /* AppDelegate.swift in Sources */,
				AEA6E3E52702FD000041BCD9 /* SceneDelegate.swift in Sources */,
			);
			runOnlyForDeploymentPostprocessing = 0;
		};
/* End PBXSourcesBuildPhase section */

/* Begin PBXVariantGroup section */
		AEA6E3D32702F8F10041BCD9 /* Main.storyboard */ = {
			isa = PBXVariantGroup;
			children = (
				AEA6E3D42702F8F10041BCD9 /* Base */,
			);
			name = Main.storyboard;
			sourceTree = "<group>";
		};
		AEA6E3D82702F8F70041BCD9 /* LaunchScreen.storyboard */ = {
			isa = PBXVariantGroup;
			children = (
				AEA6E3D92702F8F70041BCD9 /* Base */,
			);
			name = LaunchScreen.storyboard;
			sourceTree = "<group>";
		};
/* End PBXVariantGroup section */

/* Begin XCBuildConfiguration section */
		AEA6E3DC2702F8F70041BCD9 /* Debug */ = {
			isa = XCBuildConfiguration;
			buildSettings = {
				ALWAYS_SEARCH_USER_PATHS = NO;
				CLANG_ANALYZER_NONNULL = YES;
				CLANG_ANALYZER_NUMBER_OBJECT_CONVERSION = YES_AGGRESSIVE;
				CLANG_CXX_LANGUAGE_STANDARD = "gnu++14";
				CLANG_CXX_LIBRARY = "libc++";
				CLANG_ENABLE_MODULES = YES;
				CLANG_ENABLE_OBJC_ARC = YES;
				CLANG_ENABLE_OBJC_WEAK = YES;
				CLANG_WARN_BLOCK_CAPTURE_AUTORELEASING = YES;
				CLANG_WARN_BOOL_CONVERSION = YES;
				CLANG_WARN_COMMA = YES;
				CLANG_WARN_CONSTANT_CONVERSION = YES;
				CLANG_WARN_DEPRECATED_OBJC_IMPLEMENTATIONS = YES;
				CLANG_WARN_DIRECT_OBJC_ISA_USAGE = YES_ERROR;
				CLANG_WARN_DOCUMENTATION_COMMENTS = YES;
				CLANG_WARN_EMPTY_BODY = YES;
				CLANG_WARN_ENUM_CONVERSION = YES;
				CLANG_WARN_INFINITE_RECURSION = YES;
				CLANG_WARN_INT_CONVERSION = YES;
				CLANG_WARN_NON_LITERAL_NULL_CONVERSION = YES;
				CLANG_WARN_OBJC_IMPLICIT_RETAIN_SELF = YES;
				CLANG_WARN_OBJC_LITERAL_CONVERSION = YES;
				CLANG_WARN_OBJC_ROOT_CLASS = YES_ERROR;
				CLANG_WARN_QUOTED_INCLUDE_IN_FRAMEWORK_HEADER = YES;
				CLANG_WARN_RANGE_LOOP_ANALYSIS = YES;
				CLANG_WARN_STRICT_PROTOTYPES = YES;
				CLANG_WARN_SUSPICIOUS_MOVE = YES;
				CLANG_WARN_UNGUARDED_AVAILABILITY = YES_AGGRESSIVE;
				CLANG_WARN_UNREACHABLE_CODE = YES;
				CLANG_WARN__DUPLICATE_METHOD_MATCH = YES;
				COPY_PHASE_STRIP = NO;
				DEBUG_INFORMATION_FORMAT = dwarf;
				ENABLE_STRICT_OBJC_MSGSEND = YES;
				ENABLE_TESTABILITY = YES;
				GCC_C_LANGUAGE_STANDARD = gnu11;
				GCC_DYNAMIC_NO_PIC = NO;
				GCC_NO_COMMON_BLOCKS = YES;
				GCC_OPTIMIZATION_LEVEL = 0;
				GCC_PREPROCESSOR_DEFINITIONS = (
					"DEBUG=1",
					"$(inherited)",
				);
				GCC_WARN_64_TO_32_BIT_CONVERSION = YES;
				GCC_WARN_ABOUT_RETURN_TYPE = YES_ERROR;
				GCC_WARN_UNDECLARED_SELECTOR = YES;
				GCC_WARN_UNINITIALIZED_AUTOS = YES_AGGRESSIVE;
				GCC_WARN_UNUSED_FUNCTION = YES;
				GCC_WARN_UNUSED_VARIABLE = YES;
				IPHONEOS_DEPLOYMENT_TARGET = 13.0;
				MTL_ENABLE_DEBUG_INFO = INCLUDE_SOURCE;
				MTL_FAST_MATH = YES;
				ONLY_ACTIVE_ARCH = YES;
				SDKROOT = iphoneos;
				SWIFT_ACTIVE_COMPILATION_CONDITIONS = DEBUG;
				SWIFT_OPTIMIZATION_LEVEL = "-Onone";
			};
			name = Debug;
		};
		AEA6E3DD2702F8F70041BCD9 /* Release */ = {
			isa = XCBuildConfiguration;
			buildSettings = {
				ALWAYS_SEARCH_USER_PATHS = NO;
				CLANG_ANALYZER_NONNULL = YES;
				CLANG_ANALYZER_NUMBER_OBJECT_CONVERSION = YES_AGGRESSIVE;
				CLANG_CXX_LANGUAGE_STANDARD = "gnu++14";
				CLANG_CXX_LIBRARY = "libc++";
				CLANG_ENABLE_MODULES = YES;
				CLANG_ENABLE_OBJC_ARC = YES;
				CLANG_ENABLE_OBJC_WEAK = YES;
				CLANG_WARN_BLOCK_CAPTURE_AUTORELEASING = YES;
				CLANG_WARN_BOOL_CONVERSION = YES;
				CLANG_WARN_COMMA = YES;
				CLANG_WARN_CONSTANT_CONVERSION = YES;
				CLANG_WARN_DEPRECATED_OBJC_IMPLEMENTATIONS = YES;
				CLANG_WARN_DIRECT_OBJC_ISA_USAGE = YES_ERROR;
				CLANG_WARN_DOCUMENTATION_COMMENTS = YES;
				CLANG_WARN_EMPTY_BODY = YES;
				CLANG_WARN_ENUM_CONVERSION = YES;
				CLANG_WARN_INFINITE_RECURSION = YES;
				CLANG_WARN_INT_CONVERSION = YES;
				CLANG_WARN_NON_LITERAL_NULL_CONVERSION = YES;
				CLANG_WARN_OBJC_IMPLICIT_RETAIN_SELF = YES;
				CLANG_WARN_OBJC_LITERAL_CONVERSION = YES;
				CLANG_WARN_OBJC_ROOT_CLASS = YES_ERROR;
				CLANG_WARN_QUOTED_INCLUDE_IN_FRAMEWORK_HEADER = YES;
				CLANG_WARN_RANGE_LOOP_ANALYSIS = YES;
				CLANG_WARN_STRICT_PROTOTYPES = YES;
				CLANG_WARN_SUSPICIOUS_MOVE = YES;
				CLANG_WARN_UNGUARDED_AVAILABILITY = YES_AGGRESSIVE;
				CLANG_WARN_UNREACHABLE_CODE = YES;
				CLANG_WARN__DUPLICATE_METHOD_MATCH = YES;
				COPY_PHASE_STRIP = NO;
				DEBUG_INFORMATION_FORMAT = "dwarf-with-dsym";
				ENABLE_NS_ASSERTIONS = NO;
				ENABLE_STRICT_OBJC_MSGSEND = YES;
				GCC_C_LANGUAGE_STANDARD = gnu11;
				GCC_NO_COMMON_BLOCKS = YES;
				GCC_WARN_64_TO_32_BIT_CONVERSION = YES;
				GCC_WARN_ABOUT_RETURN_TYPE = YES_ERROR;
				GCC_WARN_UNDECLARED_SELECTOR = YES;
				GCC_WARN_UNINITIALIZED_AUTOS = YES_AGGRESSIVE;
				GCC_WARN_UNUSED_FUNCTION = YES;
				GCC_WARN_UNUSED_VARIABLE = YES;
				IPHONEOS_DEPLOYMENT_TARGET = 13.0;
				MTL_ENABLE_DEBUG_INFO = NO;
				MTL_FAST_MATH = YES;
				SDKROOT = iphoneos;
				SWIFT_COMPILATION_MODE = wholemodule;
				SWIFT_OPTIMIZATION_LEVEL = "-O";
				VALIDATE_PRODUCT = YES;
			};
			name = Release;
		};
		AEA6E3DF2702F8F70041BCD9 /* Debug */ = {
			isa = XCBuildConfiguration;
			buildSettings = {
				ASSETCATALOG_COMPILER_APPICON_NAME = AppIcon;
				ASSETCATALOG_COMPILER_GLOBAL_ACCENT_COLOR_NAME = AccentColor;
				CODE_SIGN_IDENTITY = "iPhone Developer";
				CODE_SIGN_STYLE = Manual;
				DEVELOPMENT_TEAM = TE5QFPFC4B;
				INFOPLIST_FILE = BrokenDevice/Info.plist;
				LD_RUNPATH_SEARCH_PATHS = (
					"$(inherited)",
					"@executable_path/Frameworks",
				);
				PRODUCT_BUNDLE_IDENTIFIER = com.szzc.szzc;
				PRODUCT_NAME = "$(TARGET_NAME)";
				PROVISIONING_PROFILE_SPECIFIER = zucheDev_20190717;
				SWIFT_VERSION = 5.0;
				TARGETED_DEVICE_FAMILY = "1,2";
			};
			name = Debug;
		};
		AEA6E3E02702F8F70041BCD9 /* Release */ = {
			isa = XCBuildConfiguration;
			buildSettings = {
				ASSETCATALOG_COMPILER_APPICON_NAME = AppIcon;
				ASSETCATALOG_COMPILER_GLOBAL_ACCENT_COLOR_NAME = AccentColor;
				CODE_SIGN_IDENTITY = "iPhone Developer";
				CODE_SIGN_STYLE = Manual;
				DEVELOPMENT_TEAM = TE5QFPFC4B;
				INFOPLIST_FILE = BrokenDevice/Info.plist;
				LD_RUNPATH_SEARCH_PATHS = (
					"$(inherited)",
					"@executable_path/Frameworks",
				);
				PRODUCT_BUNDLE_IDENTIFIER = com.szzc.szzc;
				PRODUCT_NAME = "$(TARGET_NAME)";
				PROVISIONING_PROFILE_SPECIFIER = zucheDev_20190717;
				SWIFT_VERSION = 5.0;
				TARGETED_DEVICE_FAMILY = "1,2";
			};
			name = Release;
		};
/* End XCBuildConfiguration section */

/* Begin XCConfigurationList section */
		AEA6E3C52702F8F10041BCD9 /* Build configuration list for PBXProject "BrokenDevice" */ = {
			isa = XCConfigurationList;
			buildConfigurations = (
				AEA6E3DC2702F8F70041BCD9 /* Debug */,
				AEA6E3DD2702F8F70041BCD9 /* Release */,
			);
			defaultConfigurationIsVisible = 0;
			defaultConfigurationName = Release;
		};
		AEA6E3DE2702F8F70041BCD9 /* Build configuration list for PBXNativeTarget "BrokenDevice" */ = {
			isa = XCConfigurationList;
			buildConfigurations = (
				AEA6E3DF2702F8F70041BCD9 /* Debug */,
				AEA6E3E02702F8F70041BCD9 /* Release */,
			);
			defaultConfigurationIsVisible = 0;
			defaultConfigurationName = Release;
		};
/* End XCConfigurationList section */
	};
	rootObject = AEA6E3C22702F8F10041BCD9 /* Project object */;
}
